
Microsoft Visual Studio Solution File, Format Version 12.00
# Visual Studio Version 17
VisualStudioVersion = 17.0.31903.59
MinimumVisualStudioVersion = 10.0.40219.1
Project("{FAE04EC0-301F-11D3-BF4B-00C04F79EFBC}") = "NoLock.Social.Web", "NoLock.Social.Web\NoLock.Social.Web.csproj", "{389BC594-EBD9-4B96-97F9-5A5A23FAF590}"
EndProject
Project("{FAE04EC0-301F-11D3-BF4B-00C04F79EFBC}") = "NoLock.Social.Components", "NoLock.Social.Components\NoLock.Social.Components.csproj", "{4B7EED43-C876-4B59-BADD-DFA1DBA626F6}"
EndProject
Project("{FAE04EC0-301F-11D3-BF4B-00C04F79EFBC}") = "NoLock.Social.Core", "NoLock.Social.Core\NoLock.Social.Core.csproj", "{E9D9F66B-8327-4B05-BE24-8E659E4397B8}"
EndProject
Project("{FAE04EC0-301F-11D3-BF4B-00C04F79EFBC}") = "NoLock.Social.Core.Tests", "NoLock.Social.Core.Tests\NoLock.Social.Core.Tests.csproj", "{46CA1C11-8231-470F-A069-FAB223CC3CDB}"
EndProject
Project("{FAE04EC0-301F-11D3-BF4B-00C04F79EFBC}") = "NoLock.Social.Components.Tests", "NoLock.Social.Components.Tests\NoLock.Social.Components.Tests.csproj", "{66407566-C887-4456-95FC-7B5BCC4D3206}"
EndProject
Project("{FAE04EC0-301F-11D3-BF4B-00C04F79EFBC}") = "Nolock.Social.Storage.IndexedDb", "Nolock.Social.Storage.IndexedDb\Nolock.Social.Storage.IndexedDb.csproj", "{B1DB7C15-4E5F-4CB0-9194-8CD0863B7F9B}"
EndProject
Project("{FAE04EC0-301F-11D3-BF4B-00C04F79EFBC}") = "Nolock.Social.Storage.IndexedDb.Tests", "Nolock.Social.Storage.IndexedDb.Tests\Nolock.Social.Storage.IndexedDb.Tests.csproj", "{ED9A10A1-0645-441E-BA71-90A7C0C1BDBE}"
EndProject
Project("{FAE04EC0-301F-11D3-BF4B-00C04F79EFBC}") = "NoLock.Social.Web.Tests", "NoLock.Social.Web.Tests\NoLock.Social.Web.Tests.csproj", "{1F895A3D-97A3-43E4-8D88-BAD1603B638E}"
EndProject
Project("{2150E333-8FDC-42A3-9474-1A3956D46DE8}") = "BlazorEssentials", "BlazorEssentials", "{7CC5A4DB-BB81-4250-B4DE-7D693EE4E3C1}"
EndProject
Project("{2150E333-8FDC-42A3-9474-1A3956D46DE8}") = "src", "src", "{6458E617-4665-46EA-B5A2-00D6C3F45FD8}"
EndProject
Project("{FAE04EC0-301F-11D3-BF4B-00C04F79EFBC}") = "CloudNimble.BlazorEssentials.IndexedDb", "BlazorEssentials\src\CloudNimble.BlazorEssentials.IndexedDb\CloudNimble.BlazorEssentials.IndexedDb.csproj", "{F92C0FC4-3A54-4836-94A0-78F3717659A0}"
EndProject
Project("{FAE04EC0-301F-11D3-BF4B-00C04F79EFBC}") = "CloudNimble.BlazorEssentials", "BlazorEssentials\src\CloudNimble.BlazorEssentials\CloudNimble.BlazorEssentials.csproj", "{C484FDF6-DB14-4BBF-8A8A-45BAAC777B0F}"
EndProject
Global
	GlobalSection(SolutionConfigurationPlatforms) = preSolution
		Debug|Any CPU = Debug|Any CPU
		Release|Any CPU = Release|Any CPU
	EndGlobalSection
	GlobalSection(SolutionProperties) = preSolution
		HideSolutionNode = FALSE
	EndGlobalSection
	GlobalSection(ProjectConfigurationPlatforms) = postSolution
		{389BC594-EBD9-4B96-97F9-5A5A23FAF590}.Debug|Any CPU.ActiveCfg = Debug|Any CPU
		{389BC594-EBD9-4B96-97F9-5A5A23FAF590}.Debug|Any CPU.Build.0 = Debug|Any CPU
		{389BC594-EBD9-4B96-97F9-5A5A23FAF590}.Release|Any CPU.ActiveCfg = Release|Any CPU
		{389BC594-EBD9-4B96-97F9-5A5A23FAF590}.Release|Any CPU.Build.0 = Release|Any CPU
		{4B7EED43-C876-4B59-BADD-DFA1DBA626F6}.Debug|Any CPU.ActiveCfg = Debug|Any CPU
		{4B7EED43-C876-4B59-BADD-DFA1DBA626F6}.Debug|Any CPU.Build.0 = Debug|Any CPU
		{4B7EED43-C876-4B59-BADD-DFA1DBA626F6}.Release|Any CPU.ActiveCfg = Release|Any CPU
		{4B7EED43-C876-4B59-BADD-DFA1DBA626F6}.Release|Any CPU.Build.0 = Release|Any CPU
		{E9D9F66B-8327-4B05-BE24-8E659E4397B8}.Debug|Any CPU.ActiveCfg = Debug|Any CPU
		{E9D9F66B-8327-4B05-BE24-8E659E4397B8}.Debug|Any CPU.Build.0 = Debug|Any CPU
		{E9D9F66B-8327-4B05-BE24-8E659E4397B8}.Release|Any CPU.ActiveCfg = Release|Any CPU
		{E9D9F66B-8327-4B05-BE24-8E659E4397B8}.Release|Any CPU.Build.0 = Release|Any CPU
		{46CA1C11-8231-470F-A069-FAB223CC3CDB}.Debug|Any CPU.ActiveCfg = Debug|Any CPU
		{46CA1C11-8231-470F-A069-FAB223CC3CDB}.Debug|Any CPU.Build.0 = Debug|Any CPU
		{46CA1C11-8231-470F-A069-FAB223CC3CDB}.Release|Any CPU.ActiveCfg = Release|Any CPU
		{46CA1C11-8231-470F-A069-FAB223CC3CDB}.Release|Any CPU.Build.0 = Release|Any CPU
		{66407566-C887-4456-95FC-7B5BCC4D3206}.Debug|Any CPU.ActiveCfg = Debug|Any CPU
		{66407566-C887-4456-95FC-7B5BCC4D3206}.Debug|Any CPU.Build.0 = Debug|Any CPU
		{66407566-C887-4456-95FC-7B5BCC4D3206}.Release|Any CPU.ActiveCfg = Release|Any CPU
		{66407566-C887-4456-95FC-7B5BCC4D3206}.Release|Any CPU.Build.0 = Release|Any CPU
		{B1DB7C15-4E5F-4CB0-9194-8CD0863B7F9B}.Debug|Any CPU.ActiveCfg = Debug|Any CPU
		{B1DB7C15-4E5F-4CB0-9194-8CD0863B7F9B}.Debug|Any CPU.Build.0 = Debug|Any CPU
		{B1DB7C15-4E5F-4CB0-9194-8CD0863B7F9B}.Release|Any CPU.ActiveCfg = Release|Any CPU
		{B1DB7C15-4E5F-4CB0-9194-8CD0863B7F9B}.Release|Any CPU.Build.0 = Release|Any CPU
		{ED9A10A1-0645-441E-BA71-90A7C0C1BDBE}.Debug|Any CPU.ActiveCfg = Debug|Any CPU
		{ED9A10A1-0645-441E-BA71-90A7C0C1BDBE}.Debug|Any CPU.Build.0 = Debug|Any CPU
		{ED9A10A1-0645-441E-BA71-90A7C0C1BDBE}.Release|Any CPU.ActiveCfg = Release|Any CPU
		{ED9A10A1-0645-441E-BA71-90A7C0C1BDBE}.Release|Any CPU.Build.0 = Release|Any CPU
		{1F895A3D-97A3-43E4-8D88-BAD1603B638E}.Debug|Any CPU.ActiveCfg = Debug|Any CPU
		{1F895A3D-97A3-43E4-8D88-BAD1603B638E}.Debug|Any CPU.Build.0 = Debug|Any CPU
		{1F895A3D-97A3-43E4-8D88-BAD1603B638E}.Release|Any CPU.ActiveCfg = Release|Any CPU
		{1F895A3D-97A3-43E4-8D88-BAD1603B638E}.Release|Any CPU.Build.0 = Release|Any CPU
		{F92C0FC4-3A54-4836-94A0-78F3717659A0}.Debug|Any CPU.ActiveCfg = Debug|Any CPU
		{F92C0FC4-3A54-4836-94A0-78F3717659A0}.Debug|Any CPU.Build.0 = Debug|Any CPU
		{F92C0FC4-3A54-4836-94A0-78F3717659A0}.Release|Any CPU.ActiveCfg = Release|Any CPU
		{F92C0FC4-3A54-4836-94A0-78F3717659A0}.Release|Any CPU.Build.0 = Release|Any CPU
		{C484FDF6-DB14-4BBF-8A8A-45BAAC777B0F}.Debug|Any CPU.ActiveCfg = Debug|Any CPU
		{C484FDF6-DB14-4BBF-8A8A-45BAAC777B0F}.Debug|Any CPU.Build.0 = Debug|Any CPU
		{C484FDF6-DB14-4BBF-8A8A-45BAAC777B0F}.Release|Any CPU.ActiveCfg = Release|Any CPU
		{C484FDF6-DB14-4BBF-8A8A-45BAAC777B0F}.Release|Any CPU.Build.0 = Release|Any CPU
	EndGlobalSection
	GlobalSection(NestedProjects) = preSolution
		{6458E617-4665-46EA-B5A2-00D6C3F45FD8} = {7CC5A4DB-BB81-4250-B4DE-7D693EE4E3C1}
		{F92C0FC4-3A54-4836-94A0-78F3717659A0} = {6458E617-4665-46EA-B5A2-00D6C3F45FD8}
		{C484FDF6-DB14-4BBF-8A8A-45BAAC777B0F} = {6458E617-4665-46EA-B5A2-00D6C3F45FD8}
	EndGlobalSection
EndGlobal
